
Microsoft Visual Studio Solution File, Format Version 12.00
# Visual Studio Version 17
VisualStudioVersion = 17.6.33829.357
MinimumVisualStudioVersion = 10.0.40219.1
Project("{FAE04EC0-301F-11D3-BF4B-00C04F79EFBC}") = "Teste-01", "Teste-01\Teste-01.csproj", "{A18FB70A-E3A2-434B-B16F-9B9F1B924AF8}"
EndProject
Project("{FAE04EC0-301F-11D3-BF4B-00C04F79EFBC}") = "Teste-02", "Teste-02\Teste-02.csproj", "{6623A3B6-C911-45D3-B9FA-E7B862BD103C}"
EndProject
Project("{FAE04EC0-301F-11D3-BF4B-00C04F79EFBC}") = "Teste-03", "Teste-03\Teste-03.csproj", "{6C0938DA-8649-4827-B800-F913A3EFDE28}"
EndProject
Project("{FAE04EC0-301F-11D3-BF4B-00C04F79EFBC}") = "Teste-04", "Teste-04\Teste-04.csproj", "{A84CD049-A0F1-4AFB-A88A-AEF30FD8BCD7}"
EndProject
Global
	GlobalSection(SolutionConfigurationPlatforms) = preSolution
		Debug|Any CPU = Debug|Any CPU
		Release|Any CPU = Release|Any CPU
	EndGlobalSection
	GlobalSection(ProjectConfigurationPlatforms) = postSolution
		{A18FB70A-E3A2-434B-B16F-9B9F1B924AF8}.Debug|Any CPU.ActiveCfg = Debug|Any CPU
		{A18FB70A-E3A2-434B-B16F-9B9F1B924AF8}.Debug|Any CPU.Build.0 = Debug|Any CPU
		{A18FB70A-E3A2-434B-B16F-9B9F1B924AF8}.Release|Any CPU.ActiveCfg = Release|Any CPU
		{A18FB70A-E3A2-434B-B16F-9B9F1B924AF8}.Release|Any CPU.Build.0 = Release|Any CPU
		{6623A3B6-C911-45D3-B9FA-E7B862BD103C}.Debug|Any CPU.ActiveCfg = Debug|Any CPU
		{6623A3B6-C911-45D3-B9FA-E7B862BD103C}.Debug|Any CPU.Build.0 = Debug|Any CPU
		{6623A3B6-C911-45D3-B9FA-E7B862BD103C}.Release|Any CPU.ActiveCfg = Release|Any CPU
		{6623A3B6-C911-45D3-B9FA-E7B862BD103C}.Release|Any CPU.Build.0 = Release|Any CPU
		{6C0938DA-8649-4827-B800-F913A3EFDE28}.Debug|Any CPU.ActiveCfg = Debug|Any CPU
		{6C0938DA-8649-4827-B800-F913A3EFDE28}.Debug|Any CPU.Build.0 = Debug|Any CPU
		{6C0938DA-8649-4827-B800-F913A3EFDE28}.Release|Any CPU.ActiveCfg = Release|Any CPU
		{6C0938DA-8649-4827-B800-F913A3EFDE28}.Release|Any CPU.Build.0 = Release|Any CPU
		{A84CD049-A0F1-4AFB-A88A-AEF30FD8BCD7}.Debug|Any CPU.ActiveCfg = Debug|Any CPU
		{A84CD049-A0F1-4AFB-A88A-AEF30FD8BCD7}.Debug|Any CPU.Build.0 = Debug|Any CPU
		{A84CD049-A0F1-4AFB-A88A-AEF30FD8BCD7}.Release|Any CPU.ActiveCfg = Release|Any CPU
		{A84CD049-A0F1-4AFB-A88A-AEF30FD8BCD7}.Release|Any CPU.Build.0 = Release|Any CPU
	EndGlobalSection
	GlobalSection(SolutionProperties) = preSolution
		HideSolutionNode = FALSE
	EndGlobalSection
	GlobalSection(ExtensibilityGlobals) = postSolution
		SolutionGuid = {9A80E548-E98E-4222-BF8E-1346323D3E9B}
	EndGlobalSection
EndGlobal
